
Microsoft Visual Studio Solution File, Format Version 12.00
# Visual Studio 14
VisualStudioVersion = 14.0.25123.0
MinimumVisualStudioVersion = 10.0.40219.1
Project("{FAE04EC0-301F-11D3-BF4B-00C04F79EFBC}") = "ProductApp", "ProductApp\ProductApp.csproj", "{341DBFB8-5D37-4D5F-AAFB-9777DD71637A}"
EndProject
Global
	GlobalSection(SolutionConfigurationPlatforms) = preSolution
		Debug|Any CPU = Debug|Any CPU
		Release|Any CPU = Release|Any CPU
	EndGlobalSection
	GlobalSection(ProjectConfigurationPlatforms) = postSolution
		{341DBFB8-5D37-4D5F-AAFB-9777DD71637A}.Debug|Any CPU.ActiveCfg = Debug|Any CPU
		{341DBFB8-5D37-4D5F-AAFB-9777DD71637A}.Debug|Any CPU.Build.0 = Debug|Any CPU
		{341DBFB8-5D37-4D5F-AAFB-9777DD71637A}.Release|Any CPU.ActiveCfg = Release|Any CPU
		{341DBFB8-5D37-4D5F-AAFB-9777DD71637A}.Release|Any CPU.Build.0 = Release|Any CPU
	EndGlobalSection
	GlobalSection(SolutionProperties) = preSolution
		HideSolutionNode = FALSE
	EndGlobalSection
EndGlobal
